
Microsoft Visual Studio Solution File, Format Version 12.00
# Visual Studio 15
VisualStudioVersion = 15.0.28307.1705
MinimumVisualStudioVersion = 10.0.40219.1
Project("{FAE04EC0-301F-11D3-BF4B-00C04F79EFBC}") = "GestionScolaire", "GestionScolaire\GestionScolaire.csproj", "{ABBC78C5-E37B-41FD-9442-9EFDCC8CE2FD}"
EndProject
Global
	GlobalSection(SolutionConfigurationPlatforms) = preSolution
		Debug|Any CPU = Debug|Any CPU
		Release|Any CPU = Release|Any CPU
	EndGlobalSection
	GlobalSection(ProjectConfigurationPlatforms) = postSolution
		{ABBC78C5-E37B-41FD-9442-9EFDCC8CE2FD}.Debug|Any CPU.ActiveCfg = Debug|Any CPU
		{ABBC78C5-E37B-41FD-9442-9EFDCC8CE2FD}.Debug|Any CPU.Build.0 = Debug|Any CPU
		{ABBC78C5-E37B-41FD-9442-9EFDCC8CE2FD}.Release|Any CPU.ActiveCfg = Release|Any CPU
		{ABBC78C5-E37B-41FD-9442-9EFDCC8CE2FD}.Release|Any CPU.Build.0 = Release|Any CPU
	EndGlobalSection
	GlobalSection(SolutionProperties) = preSolution
		HideSolutionNode = FALSE
	EndGlobalSection
	GlobalSection(ExtensibilityGlobals) = postSolution
		SolutionGuid = {C7672810-12CB-4F3E-A2F9-6765B39F03D4}
	EndGlobalSection
EndGlobal
